// !$*UTF8*$!
{
	archiveVersion = 1;
	classes = {
	};
	objectVersion = 51;
	objects = {

/* Begin PBXBuildFile section */
		14CEEBC31D2A726FA3745BEE /* Pods_counterApp_CallBack_MVP_RxSwift.framework in Frameworks */ = {isa = PBXBuildFile; fileRef = 4165D88BB8E125E7F1766D4C /* Pods_counterApp_CallBack_MVP_RxSwift.framework */; };
		2461B57C26F3491B009BB1AD /* AppDelegate.swift in Sources */ = {isa = PBXBuildFile; fileRef = 2461B57B26F3491B009BB1AD /* AppDelegate.swift */; };
		2461B57E26F3491B009BB1AD /* SceneDelegate.swift in Sources */ = {isa = PBXBuildFile; fileRef = 2461B57D26F3491B009BB1AD /* SceneDelegate.swift */; };
		2461B58026F3491B009BB1AD /* ViewController.swift in Sources */ = {isa = PBXBuildFile; fileRef = 2461B57F26F3491B009BB1AD /* ViewController.swift */; };
		2461B58526F3491E009BB1AD /* Assets.xcassets in Resources */ = {isa = PBXBuildFile; fileRef = 2461B58426F3491E009BB1AD /* Assets.xcassets */; };
		2461B58826F3491E009BB1AD /* LaunchScreen.storyboard in Resources */ = {isa = PBXBuildFile; fileRef = 2461B58626F3491E009BB1AD /* LaunchScreen.storyboard */; };
		2461B59126F36B2E009BB1AD /* ViewController.xib in Resources */ = {isa = PBXBuildFile; fileRef = 2461B59026F36B2E009BB1AD /* ViewController.xib */; };
		2461B59526F444F4009BB1AD /* CallBackViewController.swift in Sources */ = {isa = PBXBuildFile; fileRef = 2461B59426F444F4009BB1AD /* CallBackViewController.swift */; };
		2461B59726F44723009BB1AD /* MVPViewController.xib in Resources */ = {isa = PBXBuildFile; fileRef = 2461B59626F44723009BB1AD /* MVPViewController.xib */; };
		2461B59926F4476F009BB1AD /* RxViewController.xib in Resources */ = {isa = PBXBuildFile; fileRef = 2461B59826F4476F009BB1AD /* RxViewController.xib */; };
		2461B59B26F447A4009BB1AD /* MVPViewController.swift in Sources */ = {isa = PBXBuildFile; fileRef = 2461B59A26F447A4009BB1AD /* MVPViewController.swift */; };
		2461B59D26F447D1009BB1AD /* MVPPresenter.swift in Sources */ = {isa = PBXBuildFile; fileRef = 2461B59C26F447D1009BB1AD /* MVPPresenter.swift */; };
/* End PBXBuildFile section */

/* Begin PBXFileReference section */
		2461B57826F3491B009BB1AD /* counterApp.CallBack.MVP.RxSwift.app */ = {isa = PBXFileReference; explicitFileType = wrapper.application; includeInIndex = 0; path = counterApp.CallBack.MVP.RxSwift.app; sourceTree = BUILT_PRODUCTS_DIR; };
		2461B57B26F3491B009BB1AD /* AppDelegate.swift */ = {isa = PBXFileReference; lastKnownFileType = sourcecode.swift; path = AppDelegate.swift; sourceTree = "<group>"; };
		2461B57D26F3491B009BB1AD /* SceneDelegate.swift */ = {isa = PBXFileReference; lastKnownFileType = sourcecode.swift; path = SceneDelegate.swift; sourceTree = "<group>"; };
		2461B57F26F3491B009BB1AD /* ViewController.swift */ = {isa = PBXFileReference; lastKnownFileType = sourcecode.swift; path = ViewController.swift; sourceTree = "<group>"; };
		2461B58426F3491E009BB1AD /* Assets.xcassets */ = {isa = PBXFileReference; lastKnownFileType = folder.assetcatalog; path = Assets.xcassets; sourceTree = "<group>"; };
		2461B58726F3491E009BB1AD /* Base */ = {isa = PBXFileReference; lastKnownFileType = file.storyboard; name = Base; path = Base.lproj/LaunchScreen.storyboard; sourceTree = "<group>"; };
		2461B58926F3491E009BB1AD /* Info.plist */ = {isa = PBXFileReference; lastKnownFileType = text.plist.xml; path = Info.plist; sourceTree = "<group>"; };
		2461B59026F36B2E009BB1AD /* ViewController.xib */ = {isa = PBXFileReference; lastKnownFileType = file.xib; path = ViewController.xib; sourceTree = "<group>"; };
		2461B59426F444F4009BB1AD /* CallBackViewController.swift */ = {isa = PBXFileReference; lastKnownFileType = sourcecode.swift; path = CallBackViewController.swift; sourceTree = "<group>"; };
		2461B59626F44723009BB1AD /* MVPViewController.xib */ = {isa = PBXFileReference; lastKnownFileType = file.xib; path = MVPViewController.xib; sourceTree = "<group>"; };
		2461B59826F4476F009BB1AD /* RxViewController.xib */ = {isa = PBXFileReference; lastKnownFileType = file.xib; path = RxViewController.xib; sourceTree = "<group>"; };
		2461B59A26F447A4009BB1AD /* MVPViewController.swift */ = {isa = PBXFileReference; lastKnownFileType = sourcecode.swift; path = MVPViewController.swift; sourceTree = "<group>"; };
		2461B59C26F447D1009BB1AD /* MVPPresenter.swift */ = {isa = PBXFileReference; lastKnownFileType = sourcecode.swift; path = MVPPresenter.swift; sourceTree = "<group>"; };
		4165D88BB8E125E7F1766D4C /* Pods_counterApp_CallBack_MVP_RxSwift.framework */ = {isa = PBXFileReference; explicitFileType = wrapper.framework; includeInIndex = 0; path = Pods_counterApp_CallBack_MVP_RxSwift.framework; sourceTree = BUILT_PRODUCTS_DIR; };
		978D997FF157ABE2CED5B4B3 /* Pods-counterApp.CallBack.MVP.RxSwift.release.xcconfig */ = {isa = PBXFileReference; includeInIndex = 1; lastKnownFileType = text.xcconfig; name = "Pods-counterApp.CallBack.MVP.RxSwift.release.xcconfig"; path = "Target Support Files/Pods-counterApp.CallBack.MVP.RxSwift/Pods-counterApp.CallBack.MVP.RxSwift.release.xcconfig"; sourceTree = "<group>"; };
		B843ED040997B4820E15C9B2 /* Pods-counterApp.CallBack.MVP.RxSwift.debug.xcconfig */ = {isa = PBXFileReference; includeInIndex = 1; lastKnownFileType = text.xcconfig; name = "Pods-counterApp.CallBack.MVP.RxSwift.debug.xcconfig"; path = "Target Support Files/Pods-counterApp.CallBack.MVP.RxSwift/Pods-counterApp.CallBack.MVP.RxSwift.debug.xcconfig"; sourceTree = "<group>"; };
/* End PBXFileReference section */

/* Begin PBXFrameworksBuildPhase section */
		2461B57526F3491B009BB1AD /* Frameworks */ = {
			isa = PBXFrameworksBuildPhase;
			buildActionMask = 2147483647;
			files = (
				14CEEBC31D2A726FA3745BEE /* Pods_counterApp_CallBack_MVP_RxSwift.framework in Frameworks */,
			);
			runOnlyForDeploymentPostprocessing = 0;
		};
/* End PBXFrameworksBuildPhase section */

/* Begin PBXGroup section */
		2461B56F26F3491B009BB1AD = {
			isa = PBXGroup;
			children = (
				2461B57A26F3491B009BB1AD /* counterApp.CallBack.MVP.RxSwift */,
				2461B57926F3491B009BB1AD /* Products */,
				50628BEF7C92CDAEEA5CC00B /* Pods */,
				A89932C6A66F6DD59D368D35 /* Frameworks */,
			);
			sourceTree = "<group>";
		};
		2461B57926F3491B009BB1AD /* Products */ = {
			isa = PBXGroup;
			children = (
				2461B57826F3491B009BB1AD /* counterApp.CallBack.MVP.RxSwift.app */,
			);
			name = Products;
			sourceTree = "<group>";
		};
		2461B57A26F3491B009BB1AD /* counterApp.CallBack.MVP.RxSwift */ = {
			isa = PBXGroup;
			children = (
				2461B59326F370FC009BB1AD /* RxSwift */,
				2461B59226F370ED009BB1AD /* MVP */,
				2461B58F26F366DE009BB1AD /* CollBack */,
				2461B57B26F3491B009BB1AD /* AppDelegate.swift */,
				2461B57D26F3491B009BB1AD /* SceneDelegate.swift */,
				2461B58426F3491E009BB1AD /* Assets.xcassets */,
				2461B58626F3491E009BB1AD /* LaunchScreen.storyboard */,
				2461B58926F3491E009BB1AD /* Info.plist */,
			);
			path = counterApp.CallBack.MVP.RxSwift;
			sourceTree = "<group>";
		};
		2461B58F26F366DE009BB1AD /* CollBack */ = {
			isa = PBXGroup;
			children = (
				2461B59026F36B2E009BB1AD /* ViewController.xib */,
				2461B57F26F3491B009BB1AD /* ViewController.swift */,
				2461B59426F444F4009BB1AD /* CallBackViewController.swift */,
			);
			path = CollBack;
			sourceTree = "<group>";
		};
		2461B59226F370ED009BB1AD /* MVP */ = {
			isa = PBXGroup;
			children = (
				2461B59626F44723009BB1AD /* MVPViewController.xib */,
				2461B59A26F447A4009BB1AD /* MVPViewController.swift */,
				2461B59C26F447D1009BB1AD /* MVPPresenter.swift */,
			);
			path = MVP;
			sourceTree = "<group>";
		};
		2461B59326F370FC009BB1AD /* RxSwift */ = {
			isa = PBXGroup;
			children = (
				2461B59826F4476F009BB1AD /* RxViewController.xib */,
			);
			path = RxSwift;
			sourceTree = "<group>";
		};
		50628BEF7C92CDAEEA5CC00B /* Pods */ = {
			isa = PBXGroup;
			children = (
				B843ED040997B4820E15C9B2 /* Pods-counterApp.CallBack.MVP.RxSwift.debug.xcconfig */,
				978D997FF157ABE2CED5B4B3 /* Pods-counterApp.CallBack.MVP.RxSwift.release.xcconfig */,
			);
			path = Pods;
			sourceTree = "<group>";
		};
		A89932C6A66F6DD59D368D35 /* Frameworks */ = {
			isa = PBXGroup;
			children = (
				4165D88BB8E125E7F1766D4C /* Pods_counterApp_CallBack_MVP_RxSwift.framework */,
			);
			name = Frameworks;
			sourceTree = "<group>";
		};
/* End PBXGroup section */

/* Begin PBXNativeTarget section */
		2461B57726F3491B009BB1AD /* counterApp.CallBack.MVP.RxSwift */ = {
			isa = PBXNativeTarget;
			buildConfigurationList = 2461B58C26F3491E009BB1AD /* Build configuration list for PBXNativeTarget "counterApp.CallBack.MVP.RxSwift" */;
			buildPhases = (
				FD42F52737AC694667174A9E /* [CP] Check Pods Manifest.lock */,
				2461B57426F3491B009BB1AD /* Sources */,
				2461B57526F3491B009BB1AD /* Frameworks */,
				2461B57626F3491B009BB1AD /* Resources */,
				F274FAF7B46C82659512A548 /* [CP] Embed Pods Frameworks */,
			);
			buildRules = (
			);
			dependencies = (
			);
			name = counterApp.CallBack.MVP.RxSwift;
			productName = counterApp.CallBack.MVP.RxSwift;
			productReference = 2461B57826F3491B009BB1AD /* counterApp.CallBack.MVP.RxSwift.app */;
			productType = "com.apple.product-type.application";
		};
/* End PBXNativeTarget section */

/* Begin PBXProject section */
		2461B57026F3491B009BB1AD /* Project object */ = {
			isa = PBXProject;
			attributes = {
				LastSwiftUpdateCheck = 1250;
				LastUpgradeCheck = 1250;
				TargetAttributes = {
					2461B57726F3491B009BB1AD = {
						CreatedOnToolsVersion = 12.5.1;
					};
				};
			};
			buildConfigurationList = 2461B57326F3491B009BB1AD /* Build configuration list for PBXProject "counterApp.CallBack.MVP.RxSwift" */;
			compatibilityVersion = "Xcode 9.3";
			developmentRegion = en;
			hasScannedForEncodings = 0;
			knownRegions = (
				en,
				Base,
			);
			mainGroup = 2461B56F26F3491B009BB1AD;
			productRefGroup = 2461B57926F3491B009BB1AD /* Products */;
			projectDirPath = "";
			projectRoot = "";
			targets = (
				2461B57726F3491B009BB1AD /* counterApp.CallBack.MVP.RxSwift */,
			);
		};
/* End PBXProject section */

/* Begin PBXResourcesBuildPhase section */
		2461B57626F3491B009BB1AD /* Resources */ = {
			isa = PBXResourcesBuildPhase;
			buildActionMask = 2147483647;
			files = (
				2461B59926F4476F009BB1AD /* RxViewController.xib in Resources */,
				2461B59726F44723009BB1AD /* MVPViewController.xib in Resources */,
				2461B58826F3491E009BB1AD /* LaunchScreen.storyboard in Resources */,
				2461B59126F36B2E009BB1AD /* ViewController.xib in Resources */,
				2461B58526F3491E009BB1AD /* Assets.xcassets in Resources */,
			);
			runOnlyForDeploymentPostprocessing = 0;
		};
/* End PBXResourcesBuildPhase section */

/* Begin PBXShellScriptBuildPhase section */
		F274FAF7B46C82659512A548 /* [CP] Embed Pods Frameworks */ = {
			isa = PBXShellScriptBuildPhase;
			buildActionMask = 2147483647;
			files = (
			);
			inputFileListPaths = (
				"${PODS_ROOT}/Target Support Files/Pods-counterApp.CallBack.MVP.RxSwift/Pods-counterApp.CallBack.MVP.RxSwift-frameworks-${CONFIGURATION}-input-files.xcfilelist",
			);
			name = "[CP] Embed Pods Frameworks";
			outputFileListPaths = (
				"${PODS_ROOT}/Target Support Files/Pods-counterApp.CallBack.MVP.RxSwift/Pods-counterApp.CallBack.MVP.RxSwift-frameworks-${CONFIGURATION}-output-files.xcfilelist",
			);
			runOnlyForDeploymentPostprocessing = 0;
			shellPath = /bin/sh;
			shellScript = "\"${PODS_ROOT}/Target Support Files/Pods-counterApp.CallBack.MVP.RxSwift/Pods-counterApp.CallBack.MVP.RxSwift-frameworks.sh\"\n";
			showEnvVarsInLog = 0;
		};
		FD42F52737AC694667174A9E /* [CP] Check Pods Manifest.lock */ = {
			isa = PBXShellScriptBuildPhase;
			buildActionMask = 2147483647;
			files = (
			);
			inputFileListPaths = (
			);
			inputPaths = (
				"${PODS_PODFILE_DIR_PATH}/Podfile.lock",
				"${PODS_ROOT}/Manifest.lock",
			);
			name = "[CP] Check Pods Manifest.lock";
			outputFileListPaths = (
			);
			outputPaths = (
				"$(DERIVED_FILE_DIR)/Pods-counterApp.CallBack.MVP.RxSwift-checkManifestLockResult.txt",
			);
			runOnlyForDeploymentPostprocessing = 0;
			shellPath = /bin/sh;
			shellScript = "diff \"${PODS_PODFILE_DIR_PATH}/Podfile.lock\" \"${PODS_ROOT}/Manifest.lock\" > /dev/null\nif [ $? != 0 ] ; then\n    # print error to STDERR\n    echo \"error: The sandbox is not in sync with the Podfile.lock. Run 'pod install' or update your CocoaPods installation.\" >&2\n    exit 1\nfi\n# This output is used by Xcode 'outputs' to avoid re-running this script phase.\necho \"SUCCESS\" > \"${SCRIPT_OUTPUT_FILE_0}\"\n";
			showEnvVarsInLog = 0;
		};
/* End PBXShellScriptBuildPhase section */

/* Begin PBXSourcesBuildPhase section */
		2461B57426F3491B009BB1AD /* Sources */ = {
			isa = PBXSourcesBuildPhase;
			buildActionMask = 2147483647;
			files = (
				2461B58026F3491B009BB1AD /* ViewController.swift in Sources */,
				2461B59B26F447A4009BB1AD /* MVPViewController.swift in Sources */,
				2461B57C26F3491B009BB1AD /* AppDelegate.swift in Sources */,
				2461B57E26F3491B009BB1AD /* SceneDelegate.swift in Sources */,
				2461B59D26F447D1009BB1AD /* MVPPresenter.swift in Sources */,
				2461B59526F444F4009BB1AD /* CallBackViewController.swift in Sources */,
			);
			runOnlyForDeploymentPostprocessing = 0;
		};
/* End PBXSourcesBuildPhase section */

/* Begin PBXVariantGroup section */
		2461B58626F3491E009BB1AD /* LaunchScreen.storyboard */ = {
			isa = PBXVariantGroup;
			children = (
				2461B58726F3491E009BB1AD /* Base */,
			);
			name = LaunchScreen.storyboard;
			sourceTree = "<group>";
		};
/* End PBXVariantGroup section */

/* Begin XCBuildConfiguration section */
		2461B58A26F3491E009BB1AD /* Debug */ = {
			isa = XCBuildConfiguration;
			buildSettings = {
				ALWAYS_SEARCH_USER_PATHS = NO;
				CLANG_ANALYZER_NONNULL = YES;
				CLANG_ANALYZER_NUMBER_OBJECT_CONVERSION = YES_AGGRESSIVE;
				CLANG_CXX_LANGUAGE_STANDARD = "gnu++14";
				CLANG_CXX_LIBRARY = "libc++";
				CLANG_ENABLE_MODULES = YES;
				CLANG_ENABLE_OBJC_ARC = YES;
				CLANG_ENABLE_OBJC_WEAK = YES;
				CLANG_WARN_BLOCK_CAPTURE_AUTORELEASING = YES;
				CLANG_WARN_BOOL_CONVERSION = YES;
				CLANG_WARN_COMMA = YES;
				CLANG_WARN_CONSTANT_CONVERSION = YES;
				CLANG_WARN_DEPRECATED_OBJC_IMPLEMENTATIONS = YES;
				CLANG_WARN_DIRECT_OBJC_ISA_USAGE = YES_ERROR;
				CLANG_WARN_DOCUMENTATION_COMMENTS = YES;
				CLANG_WARN_EMPTY_BODY = YES;
				CLANG_WARN_ENUM_CONVERSION = YES;
				CLANG_WARN_INFINITE_RECURSION = YES;
				CLANG_WARN_INT_CONVERSION = YES;
				CLANG_WARN_NON_LITERAL_NULL_CONVERSION = YES;
				CLANG_WARN_OBJC_IMPLICIT_RETAIN_SELF = YES;
				CLANG_WARN_OBJC_LITERAL_CONVERSION = YES;
				CLANG_WARN_OBJC_ROOT_CLASS = YES_ERROR;
				CLANG_WARN_QUOTED_INCLUDE_IN_FRAMEWORK_HEADER = YES;
				CLANG_WARN_RANGE_LOOP_ANALYSIS = YES;
				CLANG_WARN_STRICT_PROTOTYPES = YES;
				CLANG_WARN_SUSPICIOUS_MOVE = YES;
				CLANG_WARN_UNGUARDED_AVAILABILITY = YES_AGGRESSIVE;
				CLANG_WARN_UNREACHABLE_CODE = YES;
				CLANG_WARN__DUPLICATE_METHOD_MATCH = YES;
				COPY_PHASE_STRIP = NO;
				DEBUG_INFORMATION_FORMAT = dwarf;
				ENABLE_STRICT_OBJC_MSGSEND = YES;
				ENABLE_TESTABILITY = YES;
				GCC_C_LANGUAGE_STANDARD = gnu11;
				GCC_DYNAMIC_NO_PIC = NO;
				GCC_NO_COMMON_BLOCKS = YES;
				GCC_OPTIMIZATION_LEVEL = 0;
				GCC_PREPROCESSOR_DEFINITIONS = (
					"DEBUG=1",
					"$(inherited)",
				);
				GCC_WARN_64_TO_32_BIT_CONVERSION = YES;
				GCC_WARN_ABOUT_RETURN_TYPE = YES_ERROR;
				GCC_WARN_UNDECLARED_SELECTOR = YES;
				GCC_WARN_UNINITIALIZED_AUTOS = YES_AGGRESSIVE;
				GCC_WARN_UNUSED_FUNCTION = YES;
				GCC_WARN_UNUSED_VARIABLE = YES;
				IPHONEOS_DEPLOYMENT_TARGET = 14.5;
				MTL_ENABLE_DEBUG_INFO = INCLUDE_SOURCE;
				MTL_FAST_MATH = YES;
				ONLY_ACTIVE_ARCH = YES;
				SDKROOT = iphoneos;
				SWIFT_ACTIVE_COMPILATION_CONDITIONS = DEBUG;
				SWIFT_OPTIMIZATION_LEVEL = "-Onone";
			};
			name = Debug;
		};
		2461B58B26F3491E009BB1AD /* Release */ = {
			isa = XCBuildConfiguration;
			buildSettings = {
				ALWAYS_SEARCH_USER_PATHS = NO;
				CLANG_ANALYZER_NONNULL = YES;
				CLANG_ANALYZER_NUMBER_OBJECT_CONVERSION = YES_AGGRESSIVE;
				CLANG_CXX_LANGUAGE_STANDARD = "gnu++14";
				CLANG_CXX_LIBRARY = "libc++";
				CLANG_ENABLE_MODULES = YES;
				CLANG_ENABLE_OBJC_ARC = YES;
				CLANG_ENABLE_OBJC_WEAK = YES;
				CLANG_WARN_BLOCK_CAPTURE_AUTORELEASING = YES;
				CLANG_WARN_BOOL_CONVERSION = YES;
				CLANG_WARN_COMMA = YES;
				CLANG_WARN_CONSTANT_CONVERSION = YES;
				CLANG_WARN_DEPRECATED_OBJC_IMPLEMENTATIONS = YES;
				CLANG_WARN_DIRECT_OBJC_ISA_USAGE = YES_ERROR;
				CLANG_WARN_DOCUMENTATION_COMMENTS = YES;
				CLANG_WARN_EMPTY_BODY = YES;
				CLANG_WARN_ENUM_CONVERSION = YES;
				CLANG_WARN_INFINITE_RECURSION = YES;
				CLANG_WARN_INT_CONVERSION = YES;
				CLANG_WARN_NON_LITERAL_NULL_CONVERSION = YES;
				CLANG_WARN_OBJC_IMPLICIT_RETAIN_SELF = YES;
				CLANG_WARN_OBJC_LITERAL_CONVERSION = YES;
				CLANG_WARN_OBJC_ROOT_CLASS = YES_ERROR;
				CLANG_WARN_QUOTED_INCLUDE_IN_FRAMEWORK_HEADER = YES;
				CLANG_WARN_RANGE_LOOP_ANALYSIS = YES;
				CLANG_WARN_STRICT_PROTOTYPES = YES;
				CLANG_WARN_SUSPICIOUS_MOVE = YES;
				CLANG_WARN_UNGUARDED_AVAILABILITY = YES_AGGRESSIVE;
				CLANG_WARN_UNREACHABLE_CODE = YES;
				CLANG_WARN__DUPLICATE_METHOD_MATCH = YES;
				COPY_PHASE_STRIP = NO;
				DEBUG_INFORMATION_FORMAT = "dwarf-with-dsym";
				ENABLE_NS_ASSERTIONS = NO;
				ENABLE_STRICT_OBJC_MSGSEND = YES;
				GCC_C_LANGUAGE_STANDARD = gnu11;
				GCC_NO_COMMON_BLOCKS = YES;
				GCC_WARN_64_TO_32_BIT_CONVERSION = YES;
				GCC_WARN_ABOUT_RETURN_TYPE = YES_ERROR;
				GCC_WARN_UNDECLARED_SELECTOR = YES;
				GCC_WARN_UNINITIALIZED_AUTOS = YES_AGGRESSIVE;
				GCC_WARN_UNUSED_FUNCTION = YES;
				GCC_WARN_UNUSED_VARIABLE = YES;
				IPHONEOS_DEPLOYMENT_TARGET = 14.5;
				MTL_ENABLE_DEBUG_INFO = NO;
				MTL_FAST_MATH = YES;
				SDKROOT = iphoneos;
				SWIFT_COMPILATION_MODE = wholemodule;
				SWIFT_OPTIMIZATION_LEVEL = "-O";
				VALIDATE_PRODUCT = YES;
			};
			name = Release;
		};
		2461B58D26F3491E009BB1AD /* Debug */ = {
			isa = XCBuildConfiguration;
			baseConfigurationReference = B843ED040997B4820E15C9B2 /* Pods-counterApp.CallBack.MVP.RxSwift.debug.xcconfig */;
			buildSettings = {
				ASSETCATALOG_COMPILER_APPICON_NAME = AppIcon;
				ASSETCATALOG_COMPILER_GLOBAL_ACCENT_COLOR_NAME = AccentColor;
				CODE_SIGN_STYLE = Automatic;
				DEVELOPMENT_TEAM = P6K8M6RQ2W;
				INFOPLIST_FILE = counterApp.CallBack.MVP.RxSwift/Info.plist;
				LD_RUNPATH_SEARCH_PATHS = (
					"$(inherited)",
					"@executable_path/Frameworks",
				);
				PRODUCT_BUNDLE_IDENTIFIER = "com.r.t.astronomy.counterApp-CallBack-MVP-RxSwift";
				PRODUCT_NAME = "$(TARGET_NAME)";
				SWIFT_VERSION = 5.0;
				TARGETED_DEVICE_FAMILY = "1,2";
			};
			name = Debug;
		};
		2461B58E26F3491E009BB1AD /* Release */ = {
			isa = XCBuildConfiguration;
			baseConfigurationReference = 978D997FF157ABE2CED5B4B3 /* Pods-counterApp.CallBack.MVP.RxSwift.release.xcconfig */;
			buildSettings = {
				ASSETCATALOG_COMPILER_APPICON_NAME = AppIcon;
				ASSETCATALOG_COMPILER_GLOBAL_ACCENT_COLOR_NAME = AccentColor;
				CODE_SIGN_STYLE = Automatic;
				DEVELOPMENT_TEAM = P6K8M6RQ2W;
				INFOPLIST_FILE = counterApp.CallBack.MVP.RxSwift/Info.plist;
				LD_RUNPATH_SEARCH_PATHS = (
					"$(inherited)",
					"@executable_path/Frameworks",
				);
				PRODUCT_BUNDLE_IDENTIFIER = "com.r.t.astronomy.counterApp-CallBack-MVP-RxSwift";
				PRODUCT_NAME = "$(TARGET_NAME)";
				SWIFT_VERSION = 5.0;
				TARGETED_DEVICE_FAMILY = "1,2";
			};
			name = Release;
		};
/* End XCBuildConfiguration section */

/* Begin XCConfigurationList section */
		2461B57326F3491B009BB1AD /* Build configuration list for PBXProject "counterApp.CallBack.MVP.RxSwift" */ = {
			isa = XCConfigurationList;
			buildConfigurations = (
				2461B58A26F3491E009BB1AD /* Debug */,
				2461B58B26F3491E009BB1AD /* Release */,
			);
			defaultConfigurationIsVisible = 0;
			defaultConfigurationName = Release;
		};
		2461B58C26F3491E009BB1AD /* Build configuration list for PBXNativeTarget "counterApp.CallBack.MVP.RxSwift" */ = {
			isa = XCConfigurationList;
			buildConfigurations = (
				2461B58D26F3491E009BB1AD /* Debug */,
				2461B58E26F3491E009BB1AD /* Release */,
			);
			defaultConfigurationIsVisible = 0;
			defaultConfigurationName = Release;
		};
/* End XCConfigurationList section */
	};
	rootObject = 2461B57026F3491B009BB1AD /* Project object */;
}
